
Microsoft Visual Studio Solution File, Format Version 12.00
# Visual Studio Version 17
VisualStudioVersion = 17.8.34525.116
MinimumVisualStudioVersion = 10.0.40219.1
Project("{8BC9CEB8-8B4A-11D0-8D11-00A0C91BC942}") = "Dll1", "Dll1\Dll1.vcxproj", "{0F513BF2-40FF-4077-83C2-CFAD1B4FCE14}"
EndProject
Project("{8BC9CEB8-8B4A-11D0-8D11-00A0C91BC942}") = "StaticLink", "Project1\Project1.vcxproj", "{F23762F0-9A83-4E9F-B63C-0F4FE34181CF}"
EndProject
Project("{8BC9CEB8-8B4A-11D0-8D11-00A0C91BC942}") = "dynamicLink", "dynamicLink\dynamicLink.vcxproj", "{BF21E3B4-1FC6-48A2-99B0-CE5A450DADE2}"
EndProject
Global
	GlobalSection(SolutionConfigurationPlatforms) = preSolution
		Debug|x64 = Debug|x64
		Debug|x86 = Debug|x86
		Release|x64 = Release|x64
		Release|x86 = Release|x86
	EndGlobalSection
	GlobalSection(ProjectConfigurationPlatforms) = postSolution
		{0F513BF2-40FF-4077-83C2-CFAD1B4FCE14}.Debug|x64.ActiveCfg = Debug|x64
		{0F513BF2-40FF-4077-83C2-CFAD1B4FCE14}.Debug|x64.Build.0 = Debug|x64
		{0F513BF2-40FF-4077-83C2-CFAD1B4FCE14}.Debug|x86.ActiveCfg = Debug|Win32
		{0F513BF2-40FF-4077-83C2-CFAD1B4FCE14}.Debug|x86.Build.0 = Debug|Win32
		{0F513BF2-40FF-4077-83C2-CFAD1B4FCE14}.Release|x64.ActiveCfg = Release|x64
		{0F513BF2-40FF-4077-83C2-CFAD1B4FCE14}.Release|x64.Build.0 = Release|x64
		{0F513BF2-40FF-4077-83C2-CFAD1B4FCE14}.Release|x86.ActiveCfg = Release|Win32
		{0F513BF2-40FF-4077-83C2-CFAD1B4FCE14}.Release|x86.Build.0 = Release|Win32
		{F23762F0-9A83-4E9F-B63C-0F4FE34181CF}.Debug|x64.ActiveCfg = Debug|x64
		{F23762F0-9A83-4E9F-B63C-0F4FE34181CF}.Debug|x64.Build.0 = Debug|x64
		{F23762F0-9A83-4E9F-B63C-0F4FE34181CF}.Debug|x86.ActiveCfg = Debug|Win32
		{F23762F0-9A83-4E9F-B63C-0F4FE34181CF}.Debug|x86.Build.0 = Debug|Win32
		{F23762F0-9A83-4E9F-B63C-0F4FE34181CF}.Release|x64.ActiveCfg = Release|x64
		{F23762F0-9A83-4E9F-B63C-0F4FE34181CF}.Release|x64.Build.0 = Release|x64
		{F23762F0-9A83-4E9F-B63C-0F4FE34181CF}.Release|x86.ActiveCfg = Release|Win32
		{F23762F0-9A83-4E9F-B63C-0F4FE34181CF}.Release|x86.Build.0 = Release|Win32
		{BF21E3B4-1FC6-48A2-99B0-CE5A450DADE2}.Debug|x64.ActiveCfg = Debug|x64
		{BF21E3B4-1FC6-48A2-99B0-CE5A450DADE2}.Debug|x64.Build.0 = Debug|x64
		{BF21E3B4-1FC6-48A2-99B0-CE5A450DADE2}.Debug|x86.ActiveCfg = Debug|Win32
		{BF21E3B4-1FC6-48A2-99B0-CE5A450DADE2}.Debug|x86.Build.0 = Debug|Win32
		{BF21E3B4-1FC6-48A2-99B0-CE5A450DADE2}.Release|x64.ActiveCfg = Release|x64
		{BF21E3B4-1FC6-48A2-99B0-CE5A450DADE2}.Release|x64.Build.0 = Release|x64
		{BF21E3B4-1FC6-48A2-99B0-CE5A450DADE2}.Release|x86.ActiveCfg = Release|Win32
		{BF21E3B4-1FC6-48A2-99B0-CE5A450DADE2}.Release|x86.Build.0 = Release|Win32
	EndGlobalSection
	GlobalSection(SolutionProperties) = preSolution
		HideSolutionNode = FALSE
	EndGlobalSection
	GlobalSection(ExtensibilityGlobals) = postSolution
		SolutionGuid = {D41F325C-3B23-4B2D-92B0-28F1C5484C30}
	EndGlobalSection
EndGlobal
